
Microsoft Visual Studio Solution File, Format Version 12.00
# Visual Studio Version 17
VisualStudioVersion = 17.0.31521.260
MinimumVisualStudioVersion = 10.0.40219.1
Project("{2150E333-8FDC-42A3-9474-1A3956D46DE8}") = "src", "src", "{92F40AFA-8416-40BE-9893-D35E1924C69D}"
EndProject
Project("{2150E333-8FDC-42A3-9474-1A3956D46DE8}") = "Services", "Services", "{4A1D2DFA-D091-4CD2-B9CB-D7AAA795ABD9}"
EndProject
Project("{2150E333-8FDC-42A3-9474-1A3956D46DE8}") = "dapr", "dapr", "{E011B243-0389-468B-B903-83445BED69A4}"
EndProject
Project("{2150E333-8FDC-42A3-9474-1A3956D46DE8}") = "components", "components", "{FBFB499A-7022-4417-881B-68F63DBDB7F4}"
	ProjectSection(SolutionItems) = preProject
		dapr\components\masa-auth-pubusb.yaml = dapr\components\masa-auth-pubusb.yaml
		dapr\components\masa-auth-statestore.yaml = dapr\components\masa-auth-statestore.yaml
	EndProjectSection
EndProject
Project("{2150E333-8FDC-42A3-9474-1A3956D46DE8}") = "Web", "Web", "{F3986DD3-0372-4929-B72A-09D93196541E}"
EndProject
Project("{2150E333-8FDC-42A3-9474-1A3956D46DE8}") = "ApiGateways", "ApiGateways", "{32774681-0D67-48A6-A379-D57015094F85}"
EndProject
Project("{E53339B2-1760-4266-BCC7-CA923CBCF16C}") = "docker-compose", "docker-compose.dcproj", "{F17CC0A5-E77B-48A8-907C-90CB0020F869}"
EndProject
Project("{2150E333-8FDC-42A3-9474-1A3956D46DE8}") = "Solution Items", "Solution Items", "{64B06D24-C53D-4C64-9CF1-98F9F4F2DBEE}"
	ProjectSection(SolutionItems) = preProject
		.editorconfig = .editorconfig
		Directory.Build.props = Directory.Build.props
	EndProjectSection
EndProject
Project("{9A19103F-16F7-4668-BE54-9A1E7A4F7556}") = "Masa.Auth.Web.Admin.Server", "src\Web\Masa.Auth.Web.Admin.Server\Masa.Auth.Web.Admin.Server.csproj", "{151C6705-5B1A-4E8E-ADE0-AE17AE0A9A42}"
EndProject
Project("{9A19103F-16F7-4668-BE54-9A1E7A4F7556}") = "Masa.Auth.Service.Admin", "src\Services\Masa.Auth.Service.Admin\Masa.Auth.Service.Admin.csproj", "{AB0EFC8F-452A-41DD-81D5-C6591604493F}"
EndProject
Project("{9A19103F-16F7-4668-BE54-9A1E7A4F7556}") = "Masa.Auth.ApiGateways.Caller", "src\ApiGateways\Masa.Auth.ApiGateways.Caller\Masa.Auth.ApiGateways.Caller.csproj", "{44DA4E17-1397-4211-A4F9-DD34527325AB}"
EndProject
Project("{2150E333-8FDC-42A3-9474-1A3956D46DE8}") = "Contracts", "Contracts", "{99DF0538-B88E-444B-AA99-D92641592F49}"
EndProject
Project("{9A19103F-16F7-4668-BE54-9A1E7A4F7556}") = "Masa.Auth.Contracts.Admin", "src\Contracts\Masa.Auth.Contracts.Admin\Masa.Auth.Contracts.Admin.csproj", "{4E4040FE-959E-4C83-B0FD-262E0C5F3D72}"
EndProject
Project("{9A19103F-16F7-4668-BE54-9A1E7A4F7556}") = "Masa.Auth.Web.Admin.Wasm", "src\Web\Masa.Auth.Web.Admin.Wasm\Masa.Auth.Web.Admin.Wasm.csproj", "{22B7338C-5AB5-4263-8949-8942D868B3EA}"
EndProject
Project("{9A19103F-16F7-4668-BE54-9A1E7A4F7556}") = "Masa.Auth.Web.Admin.Rcl", "src\Web\Masa.Auth.Web.Admin.Rcl\Masa.Auth.Web.Admin.Rcl.csproj", "{467A32FE-58CB-4F0E-896E-834F52C4248C}"
EndProject
Project("{9A19103F-16F7-4668-BE54-9A1E7A4F7556}") = "Masa.Auth.Web.Sso", "src\Web\Masa.Auth.Web.Sso\Masa.Auth.Web.Sso.csproj", "{23B71507-6474-4AE0-878E-1BA7113EBE0E}"
EndProject
Project("{9A19103F-16F7-4668-BE54-9A1E7A4F7556}") = "Masa.Stack.Components", "..\..\MASA.Stack.Components\src\Masa.Stack.Components\Masa.Stack.Components.csproj", "{328D80A0-1003-447C-8781-CA3F44250AA1}"
EndProject
Global
	GlobalSection(SolutionConfigurationPlatforms) = preSolution
		Debug|Any CPU = Debug|Any CPU
		Debug|x86 = Debug|x86
		Release|Any CPU = Release|Any CPU
		Release|x86 = Release|x86
	EndGlobalSection
	GlobalSection(ProjectConfigurationPlatforms) = postSolution
		{F17CC0A5-E77B-48A8-907C-90CB0020F869}.Debug|Any CPU.ActiveCfg = Debug|Any CPU
		{F17CC0A5-E77B-48A8-907C-90CB0020F869}.Debug|Any CPU.Build.0 = Debug|Any CPU
		{F17CC0A5-E77B-48A8-907C-90CB0020F869}.Debug|x86.ActiveCfg = Debug|Any CPU
		{F17CC0A5-E77B-48A8-907C-90CB0020F869}.Debug|x86.Build.0 = Debug|Any CPU
		{F17CC0A5-E77B-48A8-907C-90CB0020F869}.Release|Any CPU.ActiveCfg = Release|Any CPU
		{F17CC0A5-E77B-48A8-907C-90CB0020F869}.Release|Any CPU.Build.0 = Release|Any CPU
		{F17CC0A5-E77B-48A8-907C-90CB0020F869}.Release|x86.ActiveCfg = Release|Any CPU
		{F17CC0A5-E77B-48A8-907C-90CB0020F869}.Release|x86.Build.0 = Release|Any CPU
		{151C6705-5B1A-4E8E-ADE0-AE17AE0A9A42}.Debug|Any CPU.ActiveCfg = Debug|Any CPU
		{151C6705-5B1A-4E8E-ADE0-AE17AE0A9A42}.Debug|Any CPU.Build.0 = Debug|Any CPU
		{151C6705-5B1A-4E8E-ADE0-AE17AE0A9A42}.Debug|x86.ActiveCfg = Debug|Any CPU
		{151C6705-5B1A-4E8E-ADE0-AE17AE0A9A42}.Debug|x86.Build.0 = Debug|Any CPU
		{151C6705-5B1A-4E8E-ADE0-AE17AE0A9A42}.Release|Any CPU.ActiveCfg = Release|Any CPU
		{151C6705-5B1A-4E8E-ADE0-AE17AE0A9A42}.Release|Any CPU.Build.0 = Release|Any CPU
		{151C6705-5B1A-4E8E-ADE0-AE17AE0A9A42}.Release|x86.ActiveCfg = Release|Any CPU
		{151C6705-5B1A-4E8E-ADE0-AE17AE0A9A42}.Release|x86.Build.0 = Release|Any CPU
		{AB0EFC8F-452A-41DD-81D5-C6591604493F}.Debug|Any CPU.ActiveCfg = Debug|Any CPU
		{AB0EFC8F-452A-41DD-81D5-C6591604493F}.Debug|Any CPU.Build.0 = Debug|Any CPU
		{AB0EFC8F-452A-41DD-81D5-C6591604493F}.Debug|x86.ActiveCfg = Debug|Any CPU
		{AB0EFC8F-452A-41DD-81D5-C6591604493F}.Debug|x86.Build.0 = Debug|Any CPU
		{AB0EFC8F-452A-41DD-81D5-C6591604493F}.Release|Any CPU.ActiveCfg = Release|Any CPU
		{AB0EFC8F-452A-41DD-81D5-C6591604493F}.Release|Any CPU.Build.0 = Release|Any CPU
		{AB0EFC8F-452A-41DD-81D5-C6591604493F}.Release|x86.ActiveCfg = Release|Any CPU
		{AB0EFC8F-452A-41DD-81D5-C6591604493F}.Release|x86.Build.0 = Release|Any CPU
		{44DA4E17-1397-4211-A4F9-DD34527325AB}.Debug|Any CPU.ActiveCfg = Debug|Any CPU
		{44DA4E17-1397-4211-A4F9-DD34527325AB}.Debug|Any CPU.Build.0 = Debug|Any CPU
		{44DA4E17-1397-4211-A4F9-DD34527325AB}.Debug|x86.ActiveCfg = Debug|Any CPU
		{44DA4E17-1397-4211-A4F9-DD34527325AB}.Debug|x86.Build.0 = Debug|Any CPU
		{44DA4E17-1397-4211-A4F9-DD34527325AB}.Release|Any CPU.ActiveCfg = Release|Any CPU
		{44DA4E17-1397-4211-A4F9-DD34527325AB}.Release|Any CPU.Build.0 = Release|Any CPU
		{44DA4E17-1397-4211-A4F9-DD34527325AB}.Release|x86.ActiveCfg = Release|Any CPU
		{44DA4E17-1397-4211-A4F9-DD34527325AB}.Release|x86.Build.0 = Release|Any CPU
		{4E4040FE-959E-4C83-B0FD-262E0C5F3D72}.Debug|Any CPU.ActiveCfg = Debug|Any CPU
		{4E4040FE-959E-4C83-B0FD-262E0C5F3D72}.Debug|Any CPU.Build.0 = Debug|Any CPU
		{4E4040FE-959E-4C83-B0FD-262E0C5F3D72}.Debug|x86.ActiveCfg = Debug|Any CPU
		{4E4040FE-959E-4C83-B0FD-262E0C5F3D72}.Debug|x86.Build.0 = Debug|Any CPU
		{4E4040FE-959E-4C83-B0FD-262E0C5F3D72}.Release|Any CPU.ActiveCfg = Release|Any CPU
		{4E4040FE-959E-4C83-B0FD-262E0C5F3D72}.Release|Any CPU.Build.0 = Release|Any CPU
		{4E4040FE-959E-4C83-B0FD-262E0C5F3D72}.Release|x86.ActiveCfg = Release|Any CPU
		{4E4040FE-959E-4C83-B0FD-262E0C5F3D72}.Release|x86.Build.0 = Release|Any CPU
		{22B7338C-5AB5-4263-8949-8942D868B3EA}.Debug|Any CPU.ActiveCfg = Debug|Any CPU
		{22B7338C-5AB5-4263-8949-8942D868B3EA}.Debug|Any CPU.Build.0 = Debug|Any CPU
		{22B7338C-5AB5-4263-8949-8942D868B3EA}.Debug|x86.ActiveCfg = Debug|Any CPU
		{22B7338C-5AB5-4263-8949-8942D868B3EA}.Debug|x86.Build.0 = Debug|Any CPU
		{22B7338C-5AB5-4263-8949-8942D868B3EA}.Release|Any CPU.ActiveCfg = Release|Any CPU
		{22B7338C-5AB5-4263-8949-8942D868B3EA}.Release|Any CPU.Build.0 = Release|Any CPU
		{22B7338C-5AB5-4263-8949-8942D868B3EA}.Release|x86.ActiveCfg = Release|Any CPU
		{22B7338C-5AB5-4263-8949-8942D868B3EA}.Release|x86.Build.0 = Release|Any CPU
		{467A32FE-58CB-4F0E-896E-834F52C4248C}.Debug|Any CPU.ActiveCfg = Debug|Any CPU
		{467A32FE-58CB-4F0E-896E-834F52C4248C}.Debug|Any CPU.Build.0 = Debug|Any CPU
		{467A32FE-58CB-4F0E-896E-834F52C4248C}.Debug|x86.ActiveCfg = Debug|Any CPU
		{467A32FE-58CB-4F0E-896E-834F52C4248C}.Debug|x86.Build.0 = Debug|Any CPU
		{467A32FE-58CB-4F0E-896E-834F52C4248C}.Release|Any CPU.ActiveCfg = Release|Any CPU
		{467A32FE-58CB-4F0E-896E-834F52C4248C}.Release|Any CPU.Build.0 = Release|Any CPU
		{467A32FE-58CB-4F0E-896E-834F52C4248C}.Release|x86.ActiveCfg = Release|Any CPU
		{467A32FE-58CB-4F0E-896E-834F52C4248C}.Release|x86.Build.0 = Release|Any CPU
		{23B71507-6474-4AE0-878E-1BA7113EBE0E}.Debug|Any CPU.ActiveCfg = Debug|Any CPU
		{23B71507-6474-4AE0-878E-1BA7113EBE0E}.Debug|Any CPU.Build.0 = Debug|Any CPU
		{23B71507-6474-4AE0-878E-1BA7113EBE0E}.Debug|x86.ActiveCfg = Debug|Any CPU
		{23B71507-6474-4AE0-878E-1BA7113EBE0E}.Debug|x86.Build.0 = Debug|Any CPU
		{23B71507-6474-4AE0-878E-1BA7113EBE0E}.Release|Any CPU.ActiveCfg = Release|Any CPU
		{23B71507-6474-4AE0-878E-1BA7113EBE0E}.Release|Any CPU.Build.0 = Release|Any CPU
		{23B71507-6474-4AE0-878E-1BA7113EBE0E}.Release|x86.ActiveCfg = Release|Any CPU
		{23B71507-6474-4AE0-878E-1BA7113EBE0E}.Release|x86.Build.0 = Release|Any CPU
		{328D80A0-1003-447C-8781-CA3F44250AA1}.Debug|Any CPU.ActiveCfg = Debug|Any CPU
		{328D80A0-1003-447C-8781-CA3F44250AA1}.Debug|Any CPU.Build.0 = Debug|Any CPU
		{328D80A0-1003-447C-8781-CA3F44250AA1}.Debug|x86.ActiveCfg = Debug|Any CPU
		{328D80A0-1003-447C-8781-CA3F44250AA1}.Debug|x86.Build.0 = Debug|Any CPU
		{328D80A0-1003-447C-8781-CA3F44250AA1}.Release|Any CPU.ActiveCfg = Release|Any CPU
		{328D80A0-1003-447C-8781-CA3F44250AA1}.Release|Any CPU.Build.0 = Release|Any CPU
		{328D80A0-1003-447C-8781-CA3F44250AA1}.Release|x86.ActiveCfg = Release|Any CPU
		{328D80A0-1003-447C-8781-CA3F44250AA1}.Release|x86.Build.0 = Release|Any CPU
	EndGlobalSection
	GlobalSection(SolutionProperties) = preSolution
		HideSolutionNode = FALSE
	EndGlobalSection
	GlobalSection(NestedProjects) = preSolution
		{4A1D2DFA-D091-4CD2-B9CB-D7AAA795ABD9} = {92F40AFA-8416-40BE-9893-D35E1924C69D}
		{FBFB499A-7022-4417-881B-68F63DBDB7F4} = {E011B243-0389-468B-B903-83445BED69A4}
		{F3986DD3-0372-4929-B72A-09D93196541E} = {92F40AFA-8416-40BE-9893-D35E1924C69D}
		{32774681-0D67-48A6-A379-D57015094F85} = {92F40AFA-8416-40BE-9893-D35E1924C69D}
		{151C6705-5B1A-4E8E-ADE0-AE17AE0A9A42} = {F3986DD3-0372-4929-B72A-09D93196541E}
		{AB0EFC8F-452A-41DD-81D5-C6591604493F} = {4A1D2DFA-D091-4CD2-B9CB-D7AAA795ABD9}
		{44DA4E17-1397-4211-A4F9-DD34527325AB} = {32774681-0D67-48A6-A379-D57015094F85}
		{99DF0538-B88E-444B-AA99-D92641592F49} = {92F40AFA-8416-40BE-9893-D35E1924C69D}
		{4E4040FE-959E-4C83-B0FD-262E0C5F3D72} = {99DF0538-B88E-444B-AA99-D92641592F49}
		{22B7338C-5AB5-4263-8949-8942D868B3EA} = {F3986DD3-0372-4929-B72A-09D93196541E}
		{467A32FE-58CB-4F0E-896E-834F52C4248C} = {F3986DD3-0372-4929-B72A-09D93196541E}
		{23B71507-6474-4AE0-878E-1BA7113EBE0E} = {F3986DD3-0372-4929-B72A-09D93196541E}
		{328D80A0-1003-447C-8781-CA3F44250AA1} = {F3986DD3-0372-4929-B72A-09D93196541E}
	EndGlobalSection
	GlobalSection(ExtensibilityGlobals) = postSolution
		SolutionGuid = {B83BA2BA-19E5-41FB-A92A-16A03DA229E4}
	EndGlobalSection
EndGlobal
