
Microsoft Visual Studio Solution File, Format Version 12.00
# Visual Studio Version 17
VisualStudioVersion = 17.0.31521.260
MinimumVisualStudioVersion = 10.0.40219.1
Project("{2150E333-8FDC-42A3-9474-1A3956D46DE8}") = "src", "src", "{92F40AFA-8416-40BE-9893-D35E1924C69D}"
EndProject
Project("{2150E333-8FDC-42A3-9474-1A3956D46DE8}") = "Services", "Services", "{4A1D2DFA-D091-4CD2-B9CB-D7AAA795ABD9}"
EndProject
Project("{2150E333-8FDC-42A3-9474-1A3956D46DE8}") = "dapr", "dapr", "{E011B243-0389-468B-B903-83445BED69A4}"
EndProject
Project("{2150E333-8FDC-42A3-9474-1A3956D46DE8}") = "components", "components", "{FBFB499A-7022-4417-881B-68F63DBDB7F4}"
	ProjectSection(SolutionItems) = preProject
		dapr\components\masa-framework-pubsub.yaml = dapr\components\masa-framework-pubsub.yaml
		dapr\components\masa-framework-statestore.yaml = dapr\components\masa-framework-statestore.yaml
	EndProjectSection
EndProject
Project("{2150E333-8FDC-42A3-9474-1A3956D46DE8}") = "Web", "Web", "{F3986DD3-0372-4929-B72A-09D93196541E}"
EndProject
Project("{2150E333-8FDC-42A3-9474-1A3956D46DE8}") = "ApiGateways", "ApiGateways", "{32774681-0D67-48A6-A379-D57015094F85}"
EndProject
Project("{9A19103F-16F7-4668-BE54-9A1E7A4F7556}") = "Masa.Auth.Caller", "src\ApiGateways\Caller\Masa.Auth.Caller\Masa.Auth.Caller.csproj", "{40685EC0-64DF-4742-B8F6-602AFAEFC0EA}"
EndProject
Project("{E53339B2-1760-4266-BCC7-CA923CBCF16C}") = "docker-compose", "docker-compose.dcproj", "{F17CC0A5-E77B-48A8-907C-90CB0020F869}"
EndProject
Project("{9A19103F-16F7-4668-BE54-9A1E7A4F7556}") = "Masa.Auth.Service", "src\Services\Masa.Auth.Service\Masa.Auth.Service.csproj", "{6664812F-DE87-4A65-9C25-AD0FD4E6982E}"
EndProject
Project("{9A19103F-16F7-4668-BE54-9A1E7A4F7556}") = "Masa.Auth.Admin", "src\Web\Masa.Auth.Admin\Masa.Auth.Admin.csproj", "{1857D292-ADBD-4205-BA85-E68D6B6C61E0}"
EndProject
Project("{2150E333-8FDC-42A3-9474-1A3956D46DE8}") = "Solution Items", "Solution Items", "{64B06D24-C53D-4C64-9CF1-98F9F4F2DBEE}"
	ProjectSection(SolutionItems) = preProject
		.editorconfig = .editorconfig
		Directory.Build.props = Directory.Build.props
	EndProjectSection
EndProject
Project("{2150E333-8FDC-42A3-9474-1A3956D46DE8}") = "Sdk", "Sdk", "{B1E94045-4DE1-4C4A-A03C-4B6F8D91425C}"
EndProject
Project("{9A19103F-16F7-4668-BE54-9A1E7A4F7556}") = "Masa.Auth.Sdk", "src\Sdk\Masa.Auth.Sdk\Masa.Auth.Sdk.csproj", "{BB090286-3756-4D15-B441-E973E903ECD7}"
EndProject
Global
	GlobalSection(SolutionConfigurationPlatforms) = preSolution
		Debug|Any CPU = Debug|Any CPU
		Debug|x86 = Debug|x86
		Release|Any CPU = Release|Any CPU
		Release|x86 = Release|x86
	EndGlobalSection
	GlobalSection(ProjectConfigurationPlatforms) = postSolution
		{40685EC0-64DF-4742-B8F6-602AFAEFC0EA}.Debug|Any CPU.ActiveCfg = Debug|Any CPU
		{40685EC0-64DF-4742-B8F6-602AFAEFC0EA}.Debug|Any CPU.Build.0 = Debug|Any CPU
		{40685EC0-64DF-4742-B8F6-602AFAEFC0EA}.Debug|x86.ActiveCfg = Debug|Any CPU
		{40685EC0-64DF-4742-B8F6-602AFAEFC0EA}.Debug|x86.Build.0 = Debug|Any CPU
		{40685EC0-64DF-4742-B8F6-602AFAEFC0EA}.Release|Any CPU.ActiveCfg = Release|Any CPU
		{40685EC0-64DF-4742-B8F6-602AFAEFC0EA}.Release|Any CPU.Build.0 = Release|Any CPU
		{40685EC0-64DF-4742-B8F6-602AFAEFC0EA}.Release|x86.ActiveCfg = Release|Any CPU
		{40685EC0-64DF-4742-B8F6-602AFAEFC0EA}.Release|x86.Build.0 = Release|Any CPU
		{F17CC0A5-E77B-48A8-907C-90CB0020F869}.Debug|Any CPU.ActiveCfg = Debug|Any CPU
		{F17CC0A5-E77B-48A8-907C-90CB0020F869}.Debug|Any CPU.Build.0 = Debug|Any CPU
		{F17CC0A5-E77B-48A8-907C-90CB0020F869}.Debug|x86.ActiveCfg = Debug|Any CPU
		{F17CC0A5-E77B-48A8-907C-90CB0020F869}.Debug|x86.Build.0 = Debug|Any CPU
		{F17CC0A5-E77B-48A8-907C-90CB0020F869}.Release|Any CPU.ActiveCfg = Release|Any CPU
		{F17CC0A5-E77B-48A8-907C-90CB0020F869}.Release|Any CPU.Build.0 = Release|Any CPU
		{F17CC0A5-E77B-48A8-907C-90CB0020F869}.Release|x86.ActiveCfg = Release|Any CPU
		{F17CC0A5-E77B-48A8-907C-90CB0020F869}.Release|x86.Build.0 = Release|Any CPU
		{6664812F-DE87-4A65-9C25-AD0FD4E6982E}.Debug|Any CPU.ActiveCfg = Debug|Any CPU
		{6664812F-DE87-4A65-9C25-AD0FD4E6982E}.Debug|Any CPU.Build.0 = Debug|Any CPU
		{6664812F-DE87-4A65-9C25-AD0FD4E6982E}.Debug|x86.ActiveCfg = Debug|Any CPU
		{6664812F-DE87-4A65-9C25-AD0FD4E6982E}.Debug|x86.Build.0 = Debug|Any CPU
		{6664812F-DE87-4A65-9C25-AD0FD4E6982E}.Release|Any CPU.ActiveCfg = Release|Any CPU
		{6664812F-DE87-4A65-9C25-AD0FD4E6982E}.Release|Any CPU.Build.0 = Release|Any CPU
		{6664812F-DE87-4A65-9C25-AD0FD4E6982E}.Release|x86.ActiveCfg = Release|Any CPU
		{6664812F-DE87-4A65-9C25-AD0FD4E6982E}.Release|x86.Build.0 = Release|Any CPU
		{1857D292-ADBD-4205-BA85-E68D6B6C61E0}.Debug|Any CPU.ActiveCfg = Debug|Any CPU
		{1857D292-ADBD-4205-BA85-E68D6B6C61E0}.Debug|Any CPU.Build.0 = Debug|Any CPU
		{1857D292-ADBD-4205-BA85-E68D6B6C61E0}.Debug|x86.ActiveCfg = Debug|Any CPU
		{1857D292-ADBD-4205-BA85-E68D6B6C61E0}.Debug|x86.Build.0 = Debug|Any CPU
		{1857D292-ADBD-4205-BA85-E68D6B6C61E0}.Release|Any CPU.ActiveCfg = Release|Any CPU
		{1857D292-ADBD-4205-BA85-E68D6B6C61E0}.Release|Any CPU.Build.0 = Release|Any CPU
		{1857D292-ADBD-4205-BA85-E68D6B6C61E0}.Release|x86.ActiveCfg = Release|Any CPU
		{1857D292-ADBD-4205-BA85-E68D6B6C61E0}.Release|x86.Build.0 = Release|Any CPU
		{BB090286-3756-4D15-B441-E973E903ECD7}.Debug|Any CPU.ActiveCfg = Debug|Any CPU
		{BB090286-3756-4D15-B441-E973E903ECD7}.Debug|Any CPU.Build.0 = Debug|Any CPU
		{BB090286-3756-4D15-B441-E973E903ECD7}.Debug|x86.ActiveCfg = Debug|Any CPU
		{BB090286-3756-4D15-B441-E973E903ECD7}.Debug|x86.Build.0 = Debug|Any CPU
		{BB090286-3756-4D15-B441-E973E903ECD7}.Release|Any CPU.ActiveCfg = Release|Any CPU
		{BB090286-3756-4D15-B441-E973E903ECD7}.Release|Any CPU.Build.0 = Release|Any CPU
		{BB090286-3756-4D15-B441-E973E903ECD7}.Release|x86.ActiveCfg = Release|Any CPU
		{BB090286-3756-4D15-B441-E973E903ECD7}.Release|x86.Build.0 = Release|Any CPU
	EndGlobalSection
	GlobalSection(SolutionProperties) = preSolution
		HideSolutionNode = FALSE
	EndGlobalSection
	GlobalSection(NestedProjects) = preSolution
		{4A1D2DFA-D091-4CD2-B9CB-D7AAA795ABD9} = {92F40AFA-8416-40BE-9893-D35E1924C69D}
		{FBFB499A-7022-4417-881B-68F63DBDB7F4} = {E011B243-0389-468B-B903-83445BED69A4}
		{F3986DD3-0372-4929-B72A-09D93196541E} = {92F40AFA-8416-40BE-9893-D35E1924C69D}
		{32774681-0D67-48A6-A379-D57015094F85} = {92F40AFA-8416-40BE-9893-D35E1924C69D}
		{40685EC0-64DF-4742-B8F6-602AFAEFC0EA} = {32774681-0D67-48A6-A379-D57015094F85}
		{6664812F-DE87-4A65-9C25-AD0FD4E6982E} = {4A1D2DFA-D091-4CD2-B9CB-D7AAA795ABD9}
		{1857D292-ADBD-4205-BA85-E68D6B6C61E0} = {F3986DD3-0372-4929-B72A-09D93196541E}
		{B1E94045-4DE1-4C4A-A03C-4B6F8D91425C} = {92F40AFA-8416-40BE-9893-D35E1924C69D}
		{BB090286-3756-4D15-B441-E973E903ECD7} = {B1E94045-4DE1-4C4A-A03C-4B6F8D91425C}
	EndGlobalSection
	GlobalSection(ExtensibilityGlobals) = postSolution
		SolutionGuid = {B83BA2BA-19E5-41FB-A92A-16A03DA229E4}
	EndGlobalSection
EndGlobal
